# This file is automatically @generated by Cargo.
# It is not intended for manual editing.
version = 3

[[package]]
name = "glitch-hello-new-rust"
version = "0.1.0"
dependencies = [
 "microasync",
 "microasync-util",
]

[[package]]
name = "microasync"
version = "0.4.2"
source = "registry+https://github.com/rust-lang/crates.io-index"
checksum = "32961086c50379c74782380e5cace085d6cf466fefa0183c3e8437e5e438fa4f"

[[package]]
name = "microasync-util"
version = "0.1.5"
source = "registry+https://github.com/rust-lang/crates.io-index"
checksum = "7a18004fe38200bf989a811a196934029a27329a257d005a9cd6c76b1a8e99bd"
dependencies = [
 "microasync",
]
